{
    "name": "flask-admin",
    "version": "2.0.0a4",
    "lockfileVersion": 3,
    "requires": true,
    "packages": {
        "": {
            "name": "flask-admin",
            "version": "2.0.0a4",
            "dependencies": {
                "@fortawesome/fontawesome-free": "6.5.2",
                "@tabler/core": "1.4.0",
                "@tabler/icons": "3.34.1",
                "X-editable": "github:skycyclone/x-editable"
            }
        },
        "node_modules/@fortawesome/fontawesome-free": {
            "version": "6.5.2",
            "resolved": "https://registry.npmjs.org/@fortawesome/fontawesome-free/-/fontawesome-free-6.5.2.tgz",
            "integrity": "sha512-hRILoInAx8GNT5IMkrtIt9blOdrqHOnPBH+k70aWUAqPZPgopb9G5EQJFpaBx/S8zp2fC+mPW349Bziuk1o28Q==",
            "hasInstallScript": true,
            "license": "(CC-BY-4.0 AND OFL-1.1 AND MIT)",
            "engines": {
                "node": ">=6"
            }
        },
        "node_modules/@popperjs/core": {
            "version": "2.11.8",
            "resolved": "https://registry.npmjs.org/@popperjs/core/-/core-2.11.8.tgz",
            "integrity": "sha512-P1st0aksCrn9sGZhp8GMYwBnQsbvAWsZAX44oXNNvLHGqAOcoVxmjZiohstwQ7SqKnbR47akdNi+uleWD8+g6A==",
            "license": "MIT",
            "funding": {
                "type": "opencollective",
                "url": "https://opencollective.com/popperjs"
            }
        },
        "node_modules/@tabler/core": {
            "version": "1.4.0",
            "resolved": "https://registry.npmjs.org/@tabler/core/-/core-1.4.0.tgz",
            "integrity": "sha512-5BigzOlbOH9N0Is4u0rYNRCiwtnUXWO57K9zwuscygcicAa8UV9MGaS4zTgQsZEtZ9tsNANhN/YD8gCBGKYCiw==",
            "license": "MIT",
            "dependencies": {
                "@popperjs/core": "^2.11.8",
                "bootstrap": "5.3.7"
            },
            "engines": {
                "node": ">=20"
            },
            "funding": {
                "type": "github",
                "url": "https://github.com/sponsors/codecalm"
            }
        },
        "node_modules/@tabler/icons": {
            "version": "3.34.1",
            "resolved": "https://registry.npmjs.org/@tabler/icons/-/icons-3.34.1.tgz",
            "integrity": "sha512-9gTnUvd7Fd/DmQgr3MKY+oJLa1RfNsQo8c/ir3TJAWghOuZXodbtbVp0QBY2DxWuuvrSZFys0HEbv1CoiI5y6A==",
            "license": "MIT",
            "funding": {
                "type": "github",
                "url": "https://github.com/sponsors/codecalm"
            }
        },
        "node_modules/bootstrap": {
            "version": "5.3.7",
            "resolved": "https://registry.npmjs.org/bootstrap/-/bootstrap-5.3.7.tgz",
            "integrity": "sha512-7KgiD8UHjfcPBHEpDNg+zGz8L3LqR3GVwqZiBRFX04a1BCArZOz1r2kjly2HQ0WokqTO0v1nF+QAt8dsW4lKlw==",
            "funding": [
                {
                    "type": "github",
                    "url": "https://github.com/sponsors/twbs"
                },
                {
                    "type": "opencollective",
                    "url": "https://opencollective.com/bootstrap"
                }
            ],
            "license": "MIT",
            "peerDependencies": {
                "@popperjs/core": "^2.11.8"
            }
        },
        "node_modules/X-editable": {
            "version": "1.5.3",
            "resolved": "git+ssh://git@github.com/skycyclone/x-editable.git#3bf490f8fd61ba08823811dd890d6e0889cced49"
        }
    }
}
