{
    "name": "flask-admin",
    "version": "0.1.0",
    "lockfileVersion": 3,
    "requires": true,
    "packages": {
        "": {
            "name": "flask-admin",
            "version": "0.1.0",
            "dependencies": {
                "@fortawesome/fontawesome-free": "6.5.2",
                "@tabler/core": "1.0.0-beta20",
                "X-editable": "github:skycyclone/x-editable"
            }
        },
        "node_modules/@fortawesome/fontawesome-free": {
            "version": "6.5.2",
            "resolved": "https://registry.npmjs.org/@fortawesome/fontawesome-free/-/fontawesome-free-6.5.2.tgz",
            "integrity": "sha512-hRILoInAx8GNT5IMkrtIt9blOdrqHOnPBH+k70aWUAqPZPgopb9G5EQJFpaBx/S8zp2fC+mPW349Bziuk1o28Q==",
            "hasInstallScript": true,
            "license": "(CC-BY-4.0 AND OFL-1.1 AND MIT)",
            "engines": {
                "node": ">=6"
            }
        },
        "node_modules/@popperjs/core": {
            "version": "2.11.8",
            "resolved": "https://registry.npmjs.org/@popperjs/core/-/core-2.11.8.tgz",
            "integrity": "sha512-P1st0aksCrn9sGZhp8GMYwBnQsbvAWsZAX44oXNNvLHGqAOcoVxmjZiohstwQ7SqKnbR47akdNi+uleWD8+g6A==",
            "license": "MIT",
            "funding": {
                "type": "opencollective",
                "url": "https://opencollective.com/popperjs"
            }
        },
        "node_modules/@tabler/core": {
            "version": "1.0.0-beta20",
            "resolved": "https://registry.npmjs.org/@tabler/core/-/core-1.0.0-beta20.tgz",
            "integrity": "sha512-OzKpur+Ug7e+HMbNJrMcSuWZGUsJTvu7HYboBNRE8qyo1RKIWqvwL5YewKBJ+odW5pDOqBPzbsS4je3EBQQxHw==",
            "license": "MIT",
            "dependencies": {
                "@popperjs/core": "^2.11.8",
                "@tabler/icons": "^2.32.0",
                "bootstrap": "5.3.1"
            },
            "engines": {
                "node": ">=18"
            },
            "funding": {
                "type": "github",
                "url": "https://github.com/sponsors/codecalm"
            },
            "peerDependencies": {
                "@melloware/coloris": "^0.19.1",
                "apexcharts": "^3.40.0",
                "autosize": "^6.0.1",
                "choices.js": "^10.2.0",
                "countup.js": "^2.6.2",
                "dropzone": "^6.0.0-beta.2",
                "flatpickr": "^4.6.13",
                "fslightbox": "^3.4.1",
                "imask": "^6.6.1",
                "jsvectormap": "^1.5.3",
                "list.js": "^2.3.1",
                "litepicker": "^2.0.12",
                "nouislider": "^15.7.0",
                "plyr": "^3.7.8",
                "star-rating.js": "^4.3.0",
                "tinymce": "^6.4.2",
                "tom-select": "^2.2.2"
            },
            "peerDependenciesMeta": {
                "@melloware/coloris": {
                    "optional": true
                },
                "apexcharts": {
                    "optional": true
                },
                "autosize": {
                    "optional": true
                },
                "choices.js": {
                    "optional": true
                },
                "countup.js": {
                    "optional": true
                },
                "dropzone": {
                    "optional": true
                },
                "flatpickr": {
                    "optional": true
                },
                "fslightbox": {
                    "optional": true
                },
                "imask": {
                    "optional": true
                },
                "jsvectormap": {
                    "optional": true
                },
                "list.js": {
                    "optional": true
                },
                "litepicker": {
                    "optional": true
                },
                "nouislider": {
                    "optional": true
                },
                "plyr": {
                    "optional": true
                },
                "star-rating.js": {
                    "optional": true
                },
                "tinymce": {
                    "optional": true
                },
                "tom-select": {
                    "optional": true
                }
            }
        },
        "node_modules/@tabler/icons": {
            "version": "2.47.0",
            "resolved": "https://registry.npmjs.org/@tabler/icons/-/icons-2.47.0.tgz",
            "integrity": "sha512-4w5evLh+7FUUiA1GucvGj2ReX2TvOjEr4ejXdwL/bsjoSkof6r1gQmzqI+VHrE2CpJpB3al7bCTulOkFa/RcyA==",
            "license": "MIT",
            "funding": {
                "type": "github",
                "url": "https://github.com/sponsors/codecalm"
            }
        },
        "node_modules/bootstrap": {
            "version": "5.3.1",
            "resolved": "https://registry.npmjs.org/bootstrap/-/bootstrap-5.3.1.tgz",
            "integrity": "sha512-jzwza3Yagduci2x0rr9MeFSORjcHpt0lRZukZPZQJT1Dth5qzV7XcgGqYzi39KGAVYR8QEDVoO0ubFKOxzMG+g==",
            "funding": [
                {
                    "type": "github",
                    "url": "https://github.com/sponsors/twbs"
                },
                {
                    "type": "opencollective",
                    "url": "https://opencollective.com/bootstrap"
                }
            ],
            "license": "MIT",
            "peerDependencies": {
                "@popperjs/core": "^2.11.8"
            }
        },
        "node_modules/X-editable": {
            "version": "1.5.3",
            "resolved": "git+ssh://git@github.com/skycyclone/x-editable.git#3bf490f8fd61ba08823811dd890d6e0889cced49"
        }
    }
}
